<Solution>
  <Configurations>
    <Platform Name="x64" />
  </Configurations>
  <Project Path="DebugLogDisplay/DebugLogDisplay.csproj">
    <Platform Project="x64" />
  </Project>
  <Project Path="DebugLogging/DebugLogging.csproj">
    <Platform Project="x64" />
  </Project>
  <Project Path="Test/DebugLogging.Test/DebugLogging.Test.csproj">
    <BuildDependency Project="DebugLogDisplay/DebugLogDisplay.csproj" />
    <Platform Project="x64" />
  </Project>
</Solution>
