
Microsoft Visual Studio Solution File, Format Version 12.00
# Visual Studio Version 17
VisualStudioVersion = 17.11.35222.181
MinimumVisualStudioVersion = 10.0.40219.1
Project("{9A19103F-16F7-4668-BE54-9A1E7A4F7556}") = "DebugLogging", "DebugLogging\DebugLogging.csproj", "{C7BDA94D-D225-437E-9D60-08CF68D24B76}"
EndProject
Project("{9A19103F-16F7-4668-BE54-9A1E7A4F7556}") = "DebugLogging.Test", "Test\DebugLogging.Test\DebugLogging.Test.csproj", "{8EE8B5D1-D362-4FD2-BC5F-94C0AB769ED3}"
EndProject
Global
	GlobalSection(SolutionConfigurationPlatforms) = preSolution
		Debug|x64 = Debug|x64
		Release|x64 = Release|x64
	EndGlobalSection
	GlobalSection(ProjectConfigurationPlatforms) = postSolution
		{C7BDA94D-D225-437E-9D60-08CF68D24B76}.Debug|x64.ActiveCfg = Debug|x64
		{C7BDA94D-D225-437E-9D60-08CF68D24B76}.Debug|x64.Build.0 = Debug|x64
		{C7BDA94D-D225-437E-9D60-08CF68D24B76}.Release|x64.ActiveCfg = Release|x64
		{C7BDA94D-D225-437E-9D60-08CF68D24B76}.Release|x64.Build.0 = Release|x64
		{8EE8B5D1-D362-4FD2-BC5F-94C0AB769ED3}.Debug|x64.ActiveCfg = Debug|x64
		{8EE8B5D1-D362-4FD2-BC5F-94C0AB769ED3}.Debug|x64.Build.0 = Debug|x64
		{8EE8B5D1-D362-4FD2-BC5F-94C0AB769ED3}.Release|x64.ActiveCfg = Release|x64
		{8EE8B5D1-D362-4FD2-BC5F-94C0AB769ED3}.Release|x64.Build.0 = Release|x64
	EndGlobalSection
	GlobalSection(SolutionProperties) = preSolution
		HideSolutionNode = FALSE
	EndGlobalSection
	GlobalSection(ExtensibilityGlobals) = postSolution
		SolutionGuid = {0FE9049C-1773-4FF8-82D4-51E67B7078FC}
	EndGlobalSection
EndGlobal
